
Microsoft Visual Studio Solution File, Format Version 12.00
# Visual Studio Version 17
VisualStudioVersion = 17.8.34322.80
MinimumVisualStudioVersion = 10.0.40219.1
Project("{FAE04EC0-301F-11D3-BF4B-00C04F79EFBC}") = "ConsoleApp4", "ConsoleApp4\ConsoleApp4.csproj", "{0C00D569-F233-4F7F-9096-EB3940F9EF87}"
EndProject
Global
	GlobalSection(SolutionConfigurationPlatforms) = preSolution
		Debug|Any CPU = Debug|Any CPU
		Release|Any CPU = Release|Any CPU
	EndGlobalSection
	GlobalSection(ProjectConfigurationPlatforms) = postSolution
		{0C00D569-F233-4F7F-9096-EB3940F9EF87}.Debug|Any CPU.ActiveCfg = Debug|Any CPU
		{0C00D569-F233-4F7F-9096-EB3940F9EF87}.Debug|Any CPU.Build.0 = Debug|Any CPU
		{0C00D569-F233-4F7F-9096-EB3940F9EF87}.Release|Any CPU.ActiveCfg = Release|Any CPU
		{0C00D569-F233-4F7F-9096-EB3940F9EF87}.Release|Any CPU.Build.0 = Release|Any CPU
	EndGlobalSection
	GlobalSection(SolutionProperties) = preSolution
		HideSolutionNode = FALSE
	EndGlobalSection
	GlobalSection(ExtensibilityGlobals) = postSolution
		SolutionGuid = {8662E64F-5777-4C33-97C4-33F5C76723A8}
	EndGlobalSection
EndGlobal
